
Microsoft Visual Studio Solution File, Format Version 12.00
# Visual Studio Version 17
VisualStudioVersion = 17.1.32210.238
MinimumVisualStudioVersion = 10.0.40219.1
Project("{FAE04EC0-301F-11D3-BF4B-00C04F79EFBC}") = "ConsoleApp2", "ConsoleApp2\ConsoleApp2.csproj", "{ACCB7D4A-4450-4D06-B81E-84783D949017}"
EndProject
Global
	GlobalSection(SolutionConfigurationPlatforms) = preSolution
		Debug|Any CPU = Debug|Any CPU
		Release|Any CPU = Release|Any CPU
	EndGlobalSection
	GlobalSection(ProjectConfigurationPlatforms) = postSolution
		{ACCB7D4A-4450-4D06-B81E-84783D949017}.Debug|Any CPU.ActiveCfg = Debug|Any CPU
		{ACCB7D4A-4450-4D06-B81E-84783D949017}.Debug|Any CPU.Build.0 = Debug|Any CPU
		{ACCB7D4A-4450-4D06-B81E-84783D949017}.Release|Any CPU.ActiveCfg = Release|Any CPU
		{ACCB7D4A-4450-4D06-B81E-84783D949017}.Release|Any CPU.Build.0 = Release|Any CPU
	EndGlobalSection
	GlobalSection(SolutionProperties) = preSolution
		HideSolutionNode = FALSE
	EndGlobalSection
	GlobalSection(ExtensibilityGlobals) = postSolution
		SolutionGuid = {1302FDF8-2269-4C60-B537-4B19459716C1}
	EndGlobalSection
EndGlobal
